
Microsoft Visual Studio Solution File, Format Version 12.00
# Visual Studio Version 17
VisualStudioVersion = 17.8.34309.116
MinimumVisualStudioVersion = 10.0.40219.1
Project("{FAE04EC0-301F-11D3-BF4B-00C04F79EFBC}") = "Practica2TN", "Practica2TN.csproj", "{CEDD24E8-9814-4958-B9E6-ED71681E299C}"
EndProject
Global
	GlobalSection(SolutionConfigurationPlatforms) = preSolution
		Debug|Any CPU = Debug|Any CPU
		Release|Any CPU = Release|Any CPU
	EndGlobalSection
	GlobalSection(ProjectConfigurationPlatforms) = postSolution
		{CEDD24E8-9814-4958-B9E6-ED71681E299C}.Debug|Any CPU.ActiveCfg = Debug|Any CPU
		{CEDD24E8-9814-4958-B9E6-ED71681E299C}.Debug|Any CPU.Build.0 = Debug|Any CPU
		{CEDD24E8-9814-4958-B9E6-ED71681E299C}.Release|Any CPU.ActiveCfg = Release|Any CPU
		{CEDD24E8-9814-4958-B9E6-ED71681E299C}.Release|Any CPU.Build.0 = Release|Any CPU
	EndGlobalSection
	GlobalSection(SolutionProperties) = preSolution
		HideSolutionNode = FALSE
	EndGlobalSection
	GlobalSection(ExtensibilityGlobals) = postSolution
		SolutionGuid = {BE0F59CE-6994-44A5-8210-864216509D66}
	EndGlobalSection
EndGlobal
